
Microsoft Visual Studio Solution File, Format Version 12.00
# Visual Studio 2012
Project("{FAE04EC0-301F-11D3-BF4B-00C04F79EFBC}") = "SqlSaturdayDemo2", "SqlSaturdayDemo2\SqlSaturdayDemo2.csproj", "{4597E0F2-393F-47EC-A089-7A54F2B59604}"
EndProject
Project("{FAE04EC0-301F-11D3-BF4B-00C04F79EFBC}") = "SqlSaturdayDemo2.iOS", "iOS\SqlSaturdayDemo2.iOS.csproj", "{2E368861-1998-40DC-9C56-7FC138024E1D}"
EndProject
Project("{FAE04EC0-301F-11D3-BF4B-00C04F79EFBC}") = "SqlSaturdayDemo2.Android", "Android\SqlSaturdayDemo2.Android.csproj", "{5785B9DF-1D28-445D-9950-9D9050CE0025}"
EndProject
Global
	GlobalSection(SolutionConfigurationPlatforms) = preSolution
		Debug|Any CPU = Debug|Any CPU
		Release|Any CPU = Release|Any CPU
		Debug|iPhoneSimulator = Debug|iPhoneSimulator
		Release|iPhoneSimulator = Release|iPhoneSimulator
		Debug|iPhone = Debug|iPhone
		Release|iPhone = Release|iPhone
		Ad-Hoc|iPhone = Ad-Hoc|iPhone
		AppStore|iPhone = AppStore|iPhone
	EndGlobalSection
	GlobalSection(ProjectConfigurationPlatforms) = postSolution
		{2E368861-1998-40DC-9C56-7FC138024E1D}.Ad-Hoc|iPhone.ActiveCfg = Ad-Hoc|iPhone
		{2E368861-1998-40DC-9C56-7FC138024E1D}.Ad-Hoc|iPhone.Build.0 = Ad-Hoc|iPhone
		{2E368861-1998-40DC-9C56-7FC138024E1D}.AppStore|iPhone.ActiveCfg = AppStore|iPhone
		{2E368861-1998-40DC-9C56-7FC138024E1D}.AppStore|iPhone.Build.0 = AppStore|iPhone
		{2E368861-1998-40DC-9C56-7FC138024E1D}.Debug|Any CPU.ActiveCfg = Debug|iPhoneSimulator
		{2E368861-1998-40DC-9C56-7FC138024E1D}.Debug|Any CPU.Build.0 = Debug|iPhoneSimulator
		{2E368861-1998-40DC-9C56-7FC138024E1D}.Debug|iPhone.ActiveCfg = Debug|iPhone
		{2E368861-1998-40DC-9C56-7FC138024E1D}.Debug|iPhone.Build.0 = Debug|iPhone
		{2E368861-1998-40DC-9C56-7FC138024E1D}.Debug|iPhoneSimulator.ActiveCfg = Debug|iPhoneSimulator
		{2E368861-1998-40DC-9C56-7FC138024E1D}.Debug|iPhoneSimulator.Build.0 = Debug|iPhoneSimulator
		{2E368861-1998-40DC-9C56-7FC138024E1D}.Release|Any CPU.ActiveCfg = Release|iPhoneSimulator
		{2E368861-1998-40DC-9C56-7FC138024E1D}.Release|Any CPU.Build.0 = Release|iPhoneSimulator
		{2E368861-1998-40DC-9C56-7FC138024E1D}.Release|iPhone.ActiveCfg = Release|iPhone
		{2E368861-1998-40DC-9C56-7FC138024E1D}.Release|iPhone.Build.0 = Release|iPhone
		{2E368861-1998-40DC-9C56-7FC138024E1D}.Release|iPhoneSimulator.ActiveCfg = Release|iPhoneSimulator
		{2E368861-1998-40DC-9C56-7FC138024E1D}.Release|iPhoneSimulator.Build.0 = Release|iPhoneSimulator
		{4597E0F2-393F-47EC-A089-7A54F2B59604}.Ad-Hoc|iPhone.ActiveCfg = Debug|Any CPU
		{4597E0F2-393F-47EC-A089-7A54F2B59604}.Ad-Hoc|iPhone.Build.0 = Debug|Any CPU
		{4597E0F2-393F-47EC-A089-7A54F2B59604}.AppStore|iPhone.ActiveCfg = Debug|Any CPU
		{4597E0F2-393F-47EC-A089-7A54F2B59604}.AppStore|iPhone.Build.0 = Debug|Any CPU
		{4597E0F2-393F-47EC-A089-7A54F2B59604}.Debug|Any CPU.ActiveCfg = Debug|Any CPU
		{4597E0F2-393F-47EC-A089-7A54F2B59604}.Debug|Any CPU.Build.0 = Debug|Any CPU
		{4597E0F2-393F-47EC-A089-7A54F2B59604}.Debug|iPhone.ActiveCfg = Debug|Any CPU
		{4597E0F2-393F-47EC-A089-7A54F2B59604}.Debug|iPhone.Build.0 = Debug|Any CPU
		{4597E0F2-393F-47EC-A089-7A54F2B59604}.Debug|iPhoneSimulator.ActiveCfg = Debug|Any CPU
		{4597E0F2-393F-47EC-A089-7A54F2B59604}.Debug|iPhoneSimulator.Build.0 = Debug|Any CPU
		{4597E0F2-393F-47EC-A089-7A54F2B59604}.Release|Any CPU.ActiveCfg = Release|Any CPU
		{4597E0F2-393F-47EC-A089-7A54F2B59604}.Release|Any CPU.Build.0 = Release|Any CPU
		{4597E0F2-393F-47EC-A089-7A54F2B59604}.Release|iPhone.ActiveCfg = Release|Any CPU
		{4597E0F2-393F-47EC-A089-7A54F2B59604}.Release|iPhone.Build.0 = Release|Any CPU
		{4597E0F2-393F-47EC-A089-7A54F2B59604}.Release|iPhoneSimulator.ActiveCfg = Release|Any CPU
		{4597E0F2-393F-47EC-A089-7A54F2B59604}.Release|iPhoneSimulator.Build.0 = Release|Any CPU
		{5785B9DF-1D28-445D-9950-9D9050CE0025}.Ad-Hoc|iPhone.ActiveCfg = Debug|Any CPU
		{5785B9DF-1D28-445D-9950-9D9050CE0025}.Ad-Hoc|iPhone.Build.0 = Debug|Any CPU
		{5785B9DF-1D28-445D-9950-9D9050CE0025}.AppStore|iPhone.ActiveCfg = Debug|Any CPU
		{5785B9DF-1D28-445D-9950-9D9050CE0025}.AppStore|iPhone.Build.0 = Debug|Any CPU
		{5785B9DF-1D28-445D-9950-9D9050CE0025}.Debug|Any CPU.ActiveCfg = Debug|Any CPU
		{5785B9DF-1D28-445D-9950-9D9050CE0025}.Debug|Any CPU.Build.0 = Debug|Any CPU
		{5785B9DF-1D28-445D-9950-9D9050CE0025}.Debug|iPhone.ActiveCfg = Debug|Any CPU
		{5785B9DF-1D28-445D-9950-9D9050CE0025}.Debug|iPhone.Build.0 = Debug|Any CPU
		{5785B9DF-1D28-445D-9950-9D9050CE0025}.Debug|iPhoneSimulator.ActiveCfg = Debug|Any CPU
		{5785B9DF-1D28-445D-9950-9D9050CE0025}.Debug|iPhoneSimulator.Build.0 = Debug|Any CPU
		{5785B9DF-1D28-445D-9950-9D9050CE0025}.Release|Any CPU.ActiveCfg = Release|Any CPU
		{5785B9DF-1D28-445D-9950-9D9050CE0025}.Release|Any CPU.Build.0 = Release|Any CPU
		{5785B9DF-1D28-445D-9950-9D9050CE0025}.Release|iPhone.ActiveCfg = Release|Any CPU
		{5785B9DF-1D28-445D-9950-9D9050CE0025}.Release|iPhone.Build.0 = Release|Any CPU
		{5785B9DF-1D28-445D-9950-9D9050CE0025}.Release|iPhoneSimulator.ActiveCfg = Release|Any CPU
		{5785B9DF-1D28-445D-9950-9D9050CE0025}.Release|iPhoneSimulator.Build.0 = Release|Any CPU
	EndGlobalSection
	GlobalSection(MonoDevelopProperties) = preSolution
		StartupItem = iOS\SqlSaturdayDemo2.iOS.csproj
	EndGlobalSection
EndGlobal
